
Microsoft Visual Studio Solution File, Format Version 12.00
# Visual Studio 15
VisualStudioVersion = 15.0.28307.779
MinimumVisualStudioVersion = 10.0.40219.1
Project("{FAE04EC0-301F-11D3-BF4B-00C04F79EFBC}") = "ESBCommunitySite", "ESBCommunitySite\ESBCommunitySite.csproj", "{B7E038DC-4685-4664-8234-6EACAA9E69DF}"
EndProject
Global
	GlobalSection(SolutionConfigurationPlatforms) = preSolution
		Debug|Any CPU = Debug|Any CPU
		Release|Any CPU = Release|Any CPU
	EndGlobalSection
	GlobalSection(ProjectConfigurationPlatforms) = postSolution
		{B7E038DC-4685-4664-8234-6EACAA9E69DF}.Debug|Any CPU.ActiveCfg = Debug|Any CPU
		{B7E038DC-4685-4664-8234-6EACAA9E69DF}.Debug|Any CPU.Build.0 = Debug|Any CPU
		{B7E038DC-4685-4664-8234-6EACAA9E69DF}.Release|Any CPU.ActiveCfg = Release|Any CPU
		{B7E038DC-4685-4664-8234-6EACAA9E69DF}.Release|Any CPU.Build.0 = Release|Any CPU
	EndGlobalSection
	GlobalSection(SolutionProperties) = preSolution
		HideSolutionNode = FALSE
	EndGlobalSection
	GlobalSection(ExtensibilityGlobals) = postSolution
		SolutionGuid = {655BB2E0-E981-4DF2-98AD-02D97CA2CB0E}
	EndGlobalSection
EndGlobal
